// !$*UTF8*$!
{
	archiveVersion = 1;
	classes = {
	};
	objectVersion = 50;
	objects = {

/* Begin PBXBuildFile section */
		1EBEF4CE5F4354C971CB1A09 /* libPods-SwiftyRxVIPER-SwiftyRxVIPERTests.a in Frameworks */ = {isa = PBXBuildFile; fileRef = 2500F080B43DB1F82D68B2B3 /* libPods-SwiftyRxVIPER-SwiftyRxVIPERTests.a */; };
		24E65BC20A8672AEB64C129E /* libPods-SwiftyRxVIPERTests.a in Frameworks */ = {isa = PBXBuildFile; fileRef = F4E28720EA70C3C9B7F24669 /* libPods-SwiftyRxVIPERTests.a */; };
		29A0662B796381222A11C3CF /* libPods-SwiftyRxVIPER-Staging.a in Frameworks */ = {isa = PBXBuildFile; fileRef = 42DCD1DAD17AF42BF39E6691 /* libPods-SwiftyRxVIPER-Staging.a */; };
		59494B9DB7877C0F813C4309 /* (null) in Frameworks */ = {isa = PBXBuildFile; };
		8FF2C7544AD65966060E2B37 /* libPods-SwiftyRxVIPER.a in Frameworks */ = {isa = PBXBuildFile; fileRef = D6A7D34E176EE1BC5685DEB8 /* libPods-SwiftyRxVIPER.a */; };
		B62097EE21CA5F1600985C6A /* API.swift in Sources */ = {isa = PBXBuildFile; fileRef = B62097ED21CA5F1600985C6A /* API.swift */; };
		B62097FD21CA6E8F00985C6A /* RepositoryService.swift in Sources */ = {isa = PBXBuildFile; fileRef = B62097FC21CA6E8F00985C6A /* RepositoryService.swift */; };
		B62097FF21CA761D00985C6A /* UserService.swift in Sources */ = {isa = PBXBuildFile; fileRef = B62097FE21CA761D00985C6A /* UserService.swift */; };
		B63B329021CD5FAA009B2ADB /* String+.swift in Sources */ = {isa = PBXBuildFile; fileRef = B63B328F21CD5FAA009B2ADB /* String+.swift */; };
		B63B329121CD5FAA009B2ADB /* String+.swift in Sources */ = {isa = PBXBuildFile; fileRef = B63B328F21CD5FAA009B2ADB /* String+.swift */; };
		B63B329521CD603B009B2ADB /* Localizable.strings in Resources */ = {isa = PBXBuildFile; fileRef = B63B329821CD603B009B2ADB /* Localizable.strings */; };
		B63B329621CD603B009B2ADB /* Localizable.strings in Resources */ = {isa = PBXBuildFile; fileRef = B63B329821CD603B009B2ADB /* Localizable.strings */; };
		B63B329A21CD7819009B2ADB /* UIView+.swift in Sources */ = {isa = PBXBuildFile; fileRef = B63B329921CD7819009B2ADB /* UIView+.swift */; };
		B63B329B21CD7819009B2ADB /* UIView+.swift in Sources */ = {isa = PBXBuildFile; fileRef = B63B329921CD7819009B2ADB /* UIView+.swift */; };
		B64818B021CE261700BA82C4 /* UserAvatarButton.swift in Sources */ = {isa = PBXBuildFile; fileRef = B64818AF21CE261700BA82C4 /* UserAvatarButton.swift */; };
		B64818B121CE261700BA82C4 /* UserAvatarButton.swift in Sources */ = {isa = PBXBuildFile; fileRef = B64818AF21CE261700BA82C4 /* UserAvatarButton.swift */; };
		B64818B321CE336600BA82C4 /* UIScrollView+.swift in Sources */ = {isa = PBXBuildFile; fileRef = B64818B221CE336600BA82C4 /* UIScrollView+.swift */; };
		B64818B421CE336600BA82C4 /* UIScrollView+.swift in Sources */ = {isa = PBXBuildFile; fileRef = B64818B221CE336600BA82C4 /* UIScrollView+.swift */; };
		B64818BB21CE399200BA82C4 /* Result.swift in Sources */ = {isa = PBXBuildFile; fileRef = B64818BA21CE399200BA82C4 /* Result.swift */; };
		B64818BC21CE399200BA82C4 /* Result.swift in Sources */ = {isa = PBXBuildFile; fileRef = B64818BA21CE399200BA82C4 /* Result.swift */; };
		B64818BF21CE3A0100BA82C4 /* ServiceState.swift in Sources */ = {isa = PBXBuildFile; fileRef = B64818BE21CE3A0100BA82C4 /* ServiceState.swift */; };
		B64818C021CE3A0100BA82C4 /* ServiceState.swift in Sources */ = {isa = PBXBuildFile; fileRef = B64818BE21CE3A0100BA82C4 /* ServiceState.swift */; };
		B64818C221CE3AB400BA82C4 /* ReachabilityService.swift in Sources */ = {isa = PBXBuildFile; fileRef = B64818C121CE3AB400BA82C4 /* ReachabilityService.swift */; };
		B64818C321CE3AB400BA82C4 /* ReachabilityService.swift in Sources */ = {isa = PBXBuildFile; fileRef = B64818C121CE3AB400BA82C4 /* ReachabilityService.swift */; };
		B64818C521CE3B2E00BA82C4 /* Reachability.swift in Sources */ = {isa = PBXBuildFile; fileRef = B64818C421CE3B2E00BA82C4 /* Reachability.swift */; };
		B64818C621CE3B2E00BA82C4 /* Reachability.swift in Sources */ = {isa = PBXBuildFile; fileRef = B64818C421CE3B2E00BA82C4 /* Reachability.swift */; };
		B64D783321CBCBD4007F11F2 /* RepositoryList.swift in Sources */ = {isa = PBXBuildFile; fileRef = B64D783221CBCBD4007F11F2 /* RepositoryList.swift */; };
		B64D783421CBCBD4007F11F2 /* RepositoryList.swift in Sources */ = {isa = PBXBuildFile; fileRef = B64D783221CBCBD4007F11F2 /* RepositoryList.swift */; };
		B6533FCF21CB7BFA00463799 /* Staging-Info.plist in Resources */ = {isa = PBXBuildFile; fileRef = B6533FCE21CB7BF900463799 /* Staging-Info.plist */; };
		B6533FD021CB7BFA00463799 /* Staging-Info.plist in Resources */ = {isa = PBXBuildFile; fileRef = B6533FCE21CB7BF900463799 /* Staging-Info.plist */; };
		B6533FD321CB873500463799 /* search-repositories-200-res.json in Resources */ = {isa = PBXBuildFile; fileRef = B6533FD221CB873500463799 /* search-repositories-200-res.json */; };
		B6533FD421CB873500463799 /* search-repositories-200-res.json in Resources */ = {isa = PBXBuildFile; fileRef = B6533FD221CB873500463799 /* search-repositories-200-res.json */; };
		B6533FDB21CB8BD100463799 /* get-repository-200-res.json in Resources */ = {isa = PBXBuildFile; fileRef = B6533FDA21CB8BD100463799 /* get-repository-200-res.json */; };
		B6533FDC21CB8BD100463799 /* get-repository-200-res.json in Resources */ = {isa = PBXBuildFile; fileRef = B6533FDA21CB8BD100463799 /* get-repository-200-res.json */; };
		B6533FDE21CB903600463799 /* get-user-200-res.json in Resources */ = {isa = PBXBuildFile; fileRef = B6533FDD21CB903600463799 /* get-user-200-res.json */; };
		B6533FDF21CB903600463799 /* get-user-200-res.json in Resources */ = {isa = PBXBuildFile; fileRef = B6533FDD21CB903600463799 /* get-user-200-res.json */; };
		B6533FE121CB905300463799 /* get-user-repos-200-res.json in Resources */ = {isa = PBXBuildFile; fileRef = B6533FE021CB905300463799 /* get-user-repos-200-res.json */; };
		B6533FE221CB905300463799 /* get-user-repos-200-res.json in Resources */ = {isa = PBXBuildFile; fileRef = B6533FE021CB905300463799 /* get-user-repos-200-res.json */; };
		B6533FE421CB90D000463799 /* R.generated.swift in Sources */ = {isa = PBXBuildFile; fileRef = B6533FE321CB90D000463799 /* R.generated.swift */; };
		B6533FE521CB90D000463799 /* R.generated.swift in Sources */ = {isa = PBXBuildFile; fileRef = B6533FE321CB90D000463799 /* R.generated.swift */; };
		B6533FE821CBAB4700463799 /* Repository.swift in Sources */ = {isa = PBXBuildFile; fileRef = B6533FE721CBAB4700463799 /* Repository.swift */; };
		B6533FE921CBAB4700463799 /* Repository.swift in Sources */ = {isa = PBXBuildFile; fileRef = B6533FE721CBAB4700463799 /* Repository.swift */; };
		B6533FEE21CBAF2600463799 /* User.swift in Sources */ = {isa = PBXBuildFile; fileRef = B6533FED21CBAF2600463799 /* User.swift */; };
		B6533FEF21CBAF2600463799 /* User.swift in Sources */ = {isa = PBXBuildFile; fileRef = B6533FED21CBAF2600463799 /* User.swift */; };
		B6533FF121CBB3EB00463799 /* RepositorySpec.swift in Sources */ = {isa = PBXBuildFile; fileRef = B6533FF021CBB3EB00463799 /* RepositorySpec.swift */; };
		B67F1BA021C93C04002A7538 /* AppDelegate.swift in Sources */ = {isa = PBXBuildFile; fileRef = B67F1B9F21C93C04002A7538 /* AppDelegate.swift */; };
		B67F1BA221C93C04002A7538 /* ViewController.swift in Sources */ = {isa = PBXBuildFile; fileRef = B67F1BA121C93C04002A7538 /* ViewController.swift */; };
		B67F1BA721C93C06002A7538 /* Assets.xcassets in Resources */ = {isa = PBXBuildFile; fileRef = B67F1BA621C93C06002A7538 /* Assets.xcassets */; };
		B67F1BAA21C93C06002A7538 /* LaunchScreen.storyboard in Resources */ = {isa = PBXBuildFile; fileRef = B67F1BA821C93C06002A7538 /* LaunchScreen.storyboard */; };
		B6844F1121CAC968007472E7 /* ViewController.swift in Sources */ = {isa = PBXBuildFile; fileRef = B67F1BA121C93C04002A7538 /* ViewController.swift */; };
		B6844F1421CAC968007472E7 /* AppDelegate.swift in Sources */ = {isa = PBXBuildFile; fileRef = B67F1B9F21C93C04002A7538 /* AppDelegate.swift */; };
		B6844F1621CAC968007472E7 /* UserService.swift in Sources */ = {isa = PBXBuildFile; fileRef = B62097FE21CA761D00985C6A /* UserService.swift */; };
		B6844F1721CAC968007472E7 /* RepositoryService.swift in Sources */ = {isa = PBXBuildFile; fileRef = B62097FC21CA6E8F00985C6A /* RepositoryService.swift */; };
		B6844F1921CAC968007472E7 /* API.swift in Sources */ = {isa = PBXBuildFile; fileRef = B62097ED21CA5F1600985C6A /* API.swift */; };
		B6844F1D21CAC968007472E7 /* LaunchScreen.storyboard in Resources */ = {isa = PBXBuildFile; fileRef = B67F1BA821C93C06002A7538 /* LaunchScreen.storyboard */; };
		B6844F1E21CAC968007472E7 /* Assets.xcassets in Resources */ = {isa = PBXBuildFile; fileRef = B67F1BA621C93C06002A7538 /* Assets.xcassets */; };
		B6844F2921CAD02B007472E7 /* AppConfig.swift in Sources */ = {isa = PBXBuildFile; fileRef = B6844F2821CAD02B007472E7 /* AppConfig.swift */; };
		B6844F2A21CAD02B007472E7 /* AppConfig.swift in Sources */ = {isa = PBXBuildFile; fileRef = B6844F2821CAD02B007472E7 /* AppConfig.swift */; };
		B6844F2C21CAD22C007472E7 /* Config-Develop.plist in Resources */ = {isa = PBXBuildFile; fileRef = B6844F2B21CAD22C007472E7 /* Config-Develop.plist */; };
		B6844F2D21CAD22C007472E7 /* Config-Develop.plist in Resources */ = {isa = PBXBuildFile; fileRef = B6844F2B21CAD22C007472E7 /* Config-Develop.plist */; };
		B6844F2F21CAD26E007472E7 /* Config-Staging.plist in Resources */ = {isa = PBXBuildFile; fileRef = B6844F2E21CAD26E007472E7 /* Config-Staging.plist */; };
		B6844F3021CAD26E007472E7 /* Config-Staging.plist in Resources */ = {isa = PBXBuildFile; fileRef = B6844F2E21CAD26E007472E7 /* Config-Staging.plist */; };
		B6844F3221CAD276007472E7 /* Config-Release.plist in Resources */ = {isa = PBXBuildFile; fileRef = B6844F3121CAD276007472E7 /* Config-Release.plist */; };
		B6844F3321CAD276007472E7 /* Config-Release.plist in Resources */ = {isa = PBXBuildFile; fileRef = B6844F3121CAD276007472E7 /* Config-Release.plist */; };
		B6C4D9CA21CCC36600A6BE90 /* RepositoryListProtocol.swift in Sources */ = {isa = PBXBuildFile; fileRef = B6C4D9C921CCC36600A6BE90 /* RepositoryListProtocol.swift */; };
		B6C4D9CB21CCC36600A6BE90 /* RepositoryListProtocol.swift in Sources */ = {isa = PBXBuildFile; fileRef = B6C4D9C921CCC36600A6BE90 /* RepositoryListProtocol.swift */; };
		B6C4D9CF21CCC4AF00A6BE90 /* RepositorySearchViewController.swift in Sources */ = {isa = PBXBuildFile; fileRef = B6C4D9CD21CCC4AF00A6BE90 /* RepositorySearchViewController.swift */; };
		B6C4D9D021CCC4AF00A6BE90 /* RepositorySearchViewController.swift in Sources */ = {isa = PBXBuildFile; fileRef = B6C4D9CD21CCC4AF00A6BE90 /* RepositorySearchViewController.swift */; };
		B6C4D9D521CCC59E00A6BE90 /* RepositoryListInteractor.swift in Sources */ = {isa = PBXBuildFile; fileRef = B6C4D9D421CCC59E00A6BE90 /* RepositoryListInteractor.swift */; };
		B6C4D9D621CCC59E00A6BE90 /* RepositoryListInteractor.swift in Sources */ = {isa = PBXBuildFile; fileRef = B6C4D9D421CCC59E00A6BE90 /* RepositoryListInteractor.swift */; };
		B6C4D9D921CCC71400A6BE90 /* RepositoryListPresenter.swift in Sources */ = {isa = PBXBuildFile; fileRef = B6C4D9D821CCC71400A6BE90 /* RepositoryListPresenter.swift */; };
		B6C4D9DA21CCC71400A6BE90 /* RepositoryListPresenter.swift in Sources */ = {isa = PBXBuildFile; fileRef = B6C4D9D821CCC71400A6BE90 /* RepositoryListPresenter.swift */; };
		B6C4D9DD21CCC7AA00A6BE90 /* RepositoryListRouter.swift in Sources */ = {isa = PBXBuildFile; fileRef = B6C4D9DC21CCC7AA00A6BE90 /* RepositoryListRouter.swift */; };
		B6C4D9DE21CCC7AA00A6BE90 /* RepositoryListRouter.swift in Sources */ = {isa = PBXBuildFile; fileRef = B6C4D9DC21CCC7AA00A6BE90 /* RepositoryListRouter.swift */; };
		B6C4D9E121CCC9E600A6BE90 /* Repository.storyboard in Resources */ = {isa = PBXBuildFile; fileRef = B6C4D9E021CCC9E600A6BE90 /* Repository.storyboard */; };
		B6C4D9E221CCC9E600A6BE90 /* Repository.storyboard in Resources */ = {isa = PBXBuildFile; fileRef = B6C4D9E021CCC9E600A6BE90 /* Repository.storyboard */; };
		B6C4D9E521CCCD5100A6BE90 /* RepositorySearchTableViewCell.swift in Sources */ = {isa = PBXBuildFile; fileRef = B6C4D9E321CCCD5100A6BE90 /* RepositorySearchTableViewCell.swift */; };
		B6C4D9E621CCCD5100A6BE90 /* RepositorySearchTableViewCell.swift in Sources */ = {isa = PBXBuildFile; fileRef = B6C4D9E321CCCD5100A6BE90 /* RepositorySearchTableViewCell.swift */; };
		B6C4D9E721CCCD5100A6BE90 /* RepositorySearchTableViewCell.xib in Resources */ = {isa = PBXBuildFile; fileRef = B6C4D9E421CCCD5100A6BE90 /* RepositorySearchTableViewCell.xib */; };
		B6C4D9E821CCCD5100A6BE90 /* RepositorySearchTableViewCell.xib in Resources */ = {isa = PBXBuildFile; fileRef = B6C4D9E421CCCD5100A6BE90 /* RepositorySearchTableViewCell.xib */; };
		B6C4D9ED21CCCEF000A6BE90 /* Settable.swift in Sources */ = {isa = PBXBuildFile; fileRef = B6C4D9EC21CCCEF000A6BE90 /* Settable.swift */; };
		B6C4D9EE21CCCEF000A6BE90 /* Settable.swift in Sources */ = {isa = PBXBuildFile; fileRef = B6C4D9EC21CCCEF000A6BE90 /* Settable.swift */; };
		B6F3B60621CC25CC000AB968 /* UserSpec.swift in Sources */ = {isa = PBXBuildFile; fileRef = B6F3B60521CC25CC000AB968 /* UserSpec.swift */; };
		B6F3B61121CC322F000AB968 /* TitlableView.swift in Sources */ = {isa = PBXBuildFile; fileRef = B6F3B61021CC322F000AB968 /* TitlableView.swift */; };
		B6F3B61221CC322F000AB968 /* TitlableView.swift in Sources */ = {isa = PBXBuildFile; fileRef = B6F3B61021CC322F000AB968 /* TitlableView.swift */; };
		B6F3B61421CC329B000AB968 /* Identifiable.swift in Sources */ = {isa = PBXBuildFile; fileRef = B6F3B61321CC329B000AB968 /* Identifiable.swift */; };
		B6F3B61521CC329B000AB968 /* Identifiable.swift in Sources */ = {isa = PBXBuildFile; fileRef = B6F3B61321CC329B000AB968 /* Identifiable.swift */; };
/* End PBXBuildFile section */

/* Begin PBXContainerItemProxy section */
		B67F1BB121C93C06002A7538 /* PBXContainerItemProxy */ = {
			isa = PBXContainerItemProxy;
			containerPortal = B67F1B9421C93C04002A7538 /* Project object */;
			proxyType = 1;
			remoteGlobalIDString = B67F1B9B21C93C04002A7538;
			remoteInfo = SwiftyRxVIPER;
		};
/* End PBXContainerItemProxy section */

/* Begin PBXFileReference section */
		01EB25972828646662BB8D94 /* Pods-SwiftyRxVIPER.debug.xcconfig */ = {isa = PBXFileReference; includeInIndex = 1; lastKnownFileType = text.xcconfig; name = "Pods-SwiftyRxVIPER.debug.xcconfig"; path = "Pods/Target Support Files/Pods-SwiftyRxVIPER/Pods-SwiftyRxVIPER.debug.xcconfig"; sourceTree = "<group>"; };
		1AED5DC469C832B3FF59B6B9 /* Pods-SwiftyRxVIPER-Staging.debug.xcconfig */ = {isa = PBXFileReference; includeInIndex = 1; lastKnownFileType = text.xcconfig; name = "Pods-SwiftyRxVIPER-Staging.debug.xcconfig"; path = "Pods/Target Support Files/Pods-SwiftyRxVIPER-Staging/Pods-SwiftyRxVIPER-Staging.debug.xcconfig"; sourceTree = "<group>"; };
		2500F080B43DB1F82D68B2B3 /* libPods-SwiftyRxVIPER-SwiftyRxVIPERTests.a */ = {isa = PBXFileReference; explicitFileType = archive.ar; includeInIndex = 0; path = "libPods-SwiftyRxVIPER-SwiftyRxVIPERTests.a"; sourceTree = BUILT_PRODUCTS_DIR; };
		31D9511686C563C804955570 /* Pods-SwiftyRxVIPER.release.xcconfig */ = {isa = PBXFileReference; includeInIndex = 1; lastKnownFileType = text.xcconfig; name = "Pods-SwiftyRxVIPER.release.xcconfig"; path = "Pods/Target Support Files/Pods-SwiftyRxVIPER/Pods-SwiftyRxVIPER.release.xcconfig"; sourceTree = "<group>"; };
		42DCD1DAD17AF42BF39E6691 /* libPods-SwiftyRxVIPER-Staging.a */ = {isa = PBXFileReference; explicitFileType = archive.ar; includeInIndex = 0; path = "libPods-SwiftyRxVIPER-Staging.a"; sourceTree = BUILT_PRODUCTS_DIR; };
		87AB0AB09EE92E858987AEFF /* Pods-SwiftyRxVIPER-Staging.release.xcconfig */ = {isa = PBXFileReference; includeInIndex = 1; lastKnownFileType = text.xcconfig; name = "Pods-SwiftyRxVIPER-Staging.release.xcconfig"; path = "Pods/Target Support Files/Pods-SwiftyRxVIPER-Staging/Pods-SwiftyRxVIPER-Staging.release.xcconfig"; sourceTree = "<group>"; };
		B0AD1EEA1A261AE3DDE4322A /* Pods-SwiftyRxVIPER-SwiftyRxVIPERTests.debug.xcconfig */ = {isa = PBXFileReference; includeInIndex = 1; lastKnownFileType = text.xcconfig; name = "Pods-SwiftyRxVIPER-SwiftyRxVIPERTests.debug.xcconfig"; path = "Pods/Target Support Files/Pods-SwiftyRxVIPER-SwiftyRxVIPERTests/Pods-SwiftyRxVIPER-SwiftyRxVIPERTests.debug.xcconfig"; sourceTree = "<group>"; };
		B62097ED21CA5F1600985C6A /* API.swift */ = {isa = PBXFileReference; lastKnownFileType = sourcecode.swift; path = API.swift; sourceTree = "<group>"; };
		B62097FC21CA6E8F00985C6A /* RepositoryService.swift */ = {isa = PBXFileReference; lastKnownFileType = sourcecode.swift; path = RepositoryService.swift; sourceTree = "<group>"; };
		B62097FE21CA761D00985C6A /* UserService.swift */ = {isa = PBXFileReference; lastKnownFileType = sourcecode.swift; path = UserService.swift; sourceTree = "<group>"; };
		B63B328F21CD5FAA009B2ADB /* String+.swift */ = {isa = PBXFileReference; lastKnownFileType = sourcecode.swift; path = "String+.swift"; sourceTree = "<group>"; };
		B63B329721CD603B009B2ADB /* en */ = {isa = PBXFileReference; lastKnownFileType = text.plist.strings; name = en; path = en.lproj/Localizable.strings; sourceTree = "<group>"; };
		B63B329921CD7819009B2ADB /* UIView+.swift */ = {isa = PBXFileReference; lastKnownFileType = sourcecode.swift; path = "UIView+.swift"; sourceTree = "<group>"; };
		B64818AF21CE261700BA82C4 /* UserAvatarButton.swift */ = {isa = PBXFileReference; lastKnownFileType = sourcecode.swift; path = UserAvatarButton.swift; sourceTree = "<group>"; };
		B64818B221CE336600BA82C4 /* UIScrollView+.swift */ = {isa = PBXFileReference; lastKnownFileType = sourcecode.swift; path = "UIScrollView+.swift"; sourceTree = "<group>"; };
		B64818BA21CE399200BA82C4 /* Result.swift */ = {isa = PBXFileReference; lastKnownFileType = sourcecode.swift; path = Result.swift; sourceTree = "<group>"; };
		B64818BE21CE3A0100BA82C4 /* ServiceState.swift */ = {isa = PBXFileReference; lastKnownFileType = sourcecode.swift; path = ServiceState.swift; sourceTree = "<group>"; };
		B64818C121CE3AB400BA82C4 /* ReachabilityService.swift */ = {isa = PBXFileReference; lastKnownFileType = sourcecode.swift; path = ReachabilityService.swift; sourceTree = "<group>"; };
		B64818C421CE3B2E00BA82C4 /* Reachability.swift */ = {isa = PBXFileReference; lastKnownFileType = sourcecode.swift; path = Reachability.swift; sourceTree = "<group>"; };
		B64D783221CBCBD4007F11F2 /* RepositoryList.swift */ = {isa = PBXFileReference; lastKnownFileType = sourcecode.swift; path = RepositoryList.swift; sourceTree = "<group>"; };
		B6533FCE21CB7BF900463799 /* Staging-Info.plist */ = {isa = PBXFileReference; fileEncoding = 4; lastKnownFileType = text.plist.xml; path = "Staging-Info.plist"; sourceTree = "<group>"; };
		B6533FD221CB873500463799 /* search-repositories-200-res.json */ = {isa = PBXFileReference; fileEncoding = 4; lastKnownFileType = text.json; path = "search-repositories-200-res.json"; sourceTree = "<group>"; };
		B6533FDA21CB8BD100463799 /* get-repository-200-res.json */ = {isa = PBXFileReference; lastKnownFileType = text.json; path = "get-repository-200-res.json"; sourceTree = "<group>"; };
		B6533FDD21CB903600463799 /* get-user-200-res.json */ = {isa = PBXFileReference; lastKnownFileType = text.json; path = "get-user-200-res.json"; sourceTree = "<group>"; };
		B6533FE021CB905300463799 /* get-user-repos-200-res.json */ = {isa = PBXFileReference; lastKnownFileType = text.json; path = "get-user-repos-200-res.json"; sourceTree = "<group>"; };
		B6533FE321CB90D000463799 /* R.generated.swift */ = {isa = PBXFileReference; fileEncoding = 4; lastKnownFileType = sourcecode.swift; path = R.generated.swift; sourceTree = "<group>"; };
		B6533FE721CBAB4700463799 /* Repository.swift */ = {isa = PBXFileReference; lastKnownFileType = sourcecode.swift; path = Repository.swift; sourceTree = "<group>"; };
		B6533FED21CBAF2600463799 /* User.swift */ = {isa = PBXFileReference; lastKnownFileType = sourcecode.swift; path = User.swift; sourceTree = "<group>"; };
		B6533FF021CBB3EB00463799 /* RepositorySpec.swift */ = {isa = PBXFileReference; lastKnownFileType = sourcecode.swift; path = RepositorySpec.swift; sourceTree = "<group>"; };
		B67F1B9C21C93C04002A7538 /* SwiftyRxVIPER.app */ = {isa = PBXFileReference; explicitFileType = wrapper.application; includeInIndex = 0; path = SwiftyRxVIPER.app; sourceTree = BUILT_PRODUCTS_DIR; };
		B67F1B9F21C93C04002A7538 /* AppDelegate.swift */ = {isa = PBXFileReference; lastKnownFileType = sourcecode.swift; path = AppDelegate.swift; sourceTree = "<group>"; };
		B67F1BA121C93C04002A7538 /* ViewController.swift */ = {isa = PBXFileReference; lastKnownFileType = sourcecode.swift; path = ViewController.swift; sourceTree = "<group>"; };
		B67F1BA621C93C06002A7538 /* Assets.xcassets */ = {isa = PBXFileReference; lastKnownFileType = folder.assetcatalog; path = Assets.xcassets; sourceTree = "<group>"; };
		B67F1BA921C93C06002A7538 /* Base */ = {isa = PBXFileReference; lastKnownFileType = file.storyboard; name = Base; path = Base.lproj/LaunchScreen.storyboard; sourceTree = "<group>"; };
		B67F1BAB21C93C06002A7538 /* Info.plist */ = {isa = PBXFileReference; lastKnownFileType = text.plist.xml; path = Info.plist; sourceTree = "<group>"; };
		B67F1BB021C93C06002A7538 /* SwiftyRxVIPERTests.xctest */ = {isa = PBXFileReference; explicitFileType = wrapper.cfbundle; includeInIndex = 0; path = SwiftyRxVIPERTests.xctest; sourceTree = BUILT_PRODUCTS_DIR; };
		B67F1BB621C93C06002A7538 /* Info.plist */ = {isa = PBXFileReference; lastKnownFileType = text.plist.xml; path = Info.plist; sourceTree = "<group>"; };
		B6844F2421CAC968007472E7 /* SwiftyRxVIPER-Staging.app */ = {isa = PBXFileReference; explicitFileType = wrapper.application; includeInIndex = 0; path = "SwiftyRxVIPER-Staging.app"; sourceTree = BUILT_PRODUCTS_DIR; };
		B6844F2821CAD02B007472E7 /* AppConfig.swift */ = {isa = PBXFileReference; lastKnownFileType = sourcecode.swift; path = AppConfig.swift; sourceTree = "<group>"; };
		B6844F2B21CAD22C007472E7 /* Config-Develop.plist */ = {isa = PBXFileReference; lastKnownFileType = text.plist.xml; path = "Config-Develop.plist"; sourceTree = "<group>"; };
		B6844F2E21CAD26E007472E7 /* Config-Staging.plist */ = {isa = PBXFileReference; lastKnownFileType = text.plist.xml; path = "Config-Staging.plist"; sourceTree = "<group>"; };
		B6844F3121CAD276007472E7 /* Config-Release.plist */ = {isa = PBXFileReference; lastKnownFileType = text.plist.xml; path = "Config-Release.plist"; sourceTree = "<group>"; };
		B6C4D9C921CCC36600A6BE90 /* RepositoryListProtocol.swift */ = {isa = PBXFileReference; lastKnownFileType = sourcecode.swift; path = RepositoryListProtocol.swift; sourceTree = "<group>"; };
		B6C4D9CD21CCC4AF00A6BE90 /* RepositorySearchViewController.swift */ = {isa = PBXFileReference; lastKnownFileType = sourcecode.swift; path = RepositorySearchViewController.swift; sourceTree = "<group>"; };
		B6C4D9D421CCC59E00A6BE90 /* RepositoryListInteractor.swift */ = {isa = PBXFileReference; lastKnownFileType = sourcecode.swift; path = RepositoryListInteractor.swift; sourceTree = "<group>"; };
		B6C4D9D821CCC71400A6BE90 /* RepositoryListPresenter.swift */ = {isa = PBXFileReference; lastKnownFileType = sourcecode.swift; path = RepositoryListPresenter.swift; sourceTree = "<group>"; };
		B6C4D9DC21CCC7AA00A6BE90 /* RepositoryListRouter.swift */ = {isa = PBXFileReference; lastKnownFileType = sourcecode.swift; path = RepositoryListRouter.swift; sourceTree = "<group>"; };
		B6C4D9E021CCC9E600A6BE90 /* Repository.storyboard */ = {isa = PBXFileReference; lastKnownFileType = file.storyboard; path = Repository.storyboard; sourceTree = "<group>"; };
		B6C4D9E321CCCD5100A6BE90 /* RepositorySearchTableViewCell.swift */ = {isa = PBXFileReference; lastKnownFileType = sourcecode.swift; path = RepositorySearchTableViewCell.swift; sourceTree = "<group>"; };
		B6C4D9E421CCCD5100A6BE90 /* RepositorySearchTableViewCell.xib */ = {isa = PBXFileReference; lastKnownFileType = file.xib; path = RepositorySearchTableViewCell.xib; sourceTree = "<group>"; };
		B6C4D9EC21CCCEF000A6BE90 /* Settable.swift */ = {isa = PBXFileReference; lastKnownFileType = sourcecode.swift; path = Settable.swift; sourceTree = "<group>"; };
		B6F3B60521CC25CC000AB968 /* UserSpec.swift */ = {isa = PBXFileReference; lastKnownFileType = sourcecode.swift; path = UserSpec.swift; sourceTree = "<group>"; };
		B6F3B61021CC322F000AB968 /* TitlableView.swift */ = {isa = PBXFileReference; lastKnownFileType = sourcecode.swift; path = TitlableView.swift; sourceTree = "<group>"; };
		B6F3B61321CC329B000AB968 /* Identifiable.swift */ = {isa = PBXFileReference; lastKnownFileType = sourcecode.swift; path = Identifiable.swift; sourceTree = "<group>"; };
		D6A7D34E176EE1BC5685DEB8 /* libPods-SwiftyRxVIPER.a */ = {isa = PBXFileReference; explicitFileType = archive.ar; includeInIndex = 0; path = "libPods-SwiftyRxVIPER.a"; sourceTree = BUILT_PRODUCTS_DIR; };
		E6D0CBE5139AB9E9ECF7428C /* Pods-SwiftyRxVIPERTests.debug.xcconfig */ = {isa = PBXFileReference; includeInIndex = 1; lastKnownFileType = text.xcconfig; name = "Pods-SwiftyRxVIPERTests.debug.xcconfig"; path = "Pods/Target Support Files/Pods-SwiftyRxVIPERTests/Pods-SwiftyRxVIPERTests.debug.xcconfig"; sourceTree = "<group>"; };
		E72C781E353C6358B890BF63 /* Pods-SwiftyRxVIPER-SwiftyRxVIPERTests.release.xcconfig */ = {isa = PBXFileReference; includeInIndex = 1; lastKnownFileType = text.xcconfig; name = "Pods-SwiftyRxVIPER-SwiftyRxVIPERTests.release.xcconfig"; path = "Pods/Target Support Files/Pods-SwiftyRxVIPER-SwiftyRxVIPERTests/Pods-SwiftyRxVIPER-SwiftyRxVIPERTests.release.xcconfig"; sourceTree = "<group>"; };
		F4E28720EA70C3C9B7F24669 /* libPods-SwiftyRxVIPERTests.a */ = {isa = PBXFileReference; explicitFileType = archive.ar; includeInIndex = 0; path = "libPods-SwiftyRxVIPERTests.a"; sourceTree = BUILT_PRODUCTS_DIR; };
		F548099BC61CA422DC1C218A /* Pods-SwiftyRxVIPERTests.release.xcconfig */ = {isa = PBXFileReference; includeInIndex = 1; lastKnownFileType = text.xcconfig; name = "Pods-SwiftyRxVIPERTests.release.xcconfig"; path = "Pods/Target Support Files/Pods-SwiftyRxVIPERTests/Pods-SwiftyRxVIPERTests.release.xcconfig"; sourceTree = "<group>"; };
/* End PBXFileReference section */

/* Begin PBXFrameworksBuildPhase section */
		B67F1B9921C93C04002A7538 /* Frameworks */ = {
			isa = PBXFrameworksBuildPhase;
			buildActionMask = 2147483647;
			files = (
				59494B9DB7877C0F813C4309 /* (null) in Frameworks */,
				8FF2C7544AD65966060E2B37 /* libPods-SwiftyRxVIPER.a in Frameworks */,
			);
			runOnlyForDeploymentPostprocessing = 0;
		};
		B67F1BAD21C93C06002A7538 /* Frameworks */ = {
			isa = PBXFrameworksBuildPhase;
			buildActionMask = 2147483647;
			files = (
				24E65BC20A8672AEB64C129E /* libPods-SwiftyRxVIPERTests.a in Frameworks */,
				1EBEF4CE5F4354C971CB1A09 /* libPods-SwiftyRxVIPER-SwiftyRxVIPERTests.a in Frameworks */,
			);
			runOnlyForDeploymentPostprocessing = 0;
		};
		B6844F1A21CAC968007472E7 /* Frameworks */ = {
			isa = PBXFrameworksBuildPhase;
			buildActionMask = 2147483647;
			files = (
				29A0662B796381222A11C3CF /* libPods-SwiftyRxVIPER-Staging.a in Frameworks */,
			);
			runOnlyForDeploymentPostprocessing = 0;
		};
/* End PBXFrameworksBuildPhase section */

/* Begin PBXGroup section */
		418DB917942E97B070400E9D /* Pods */ = {
			isa = PBXGroup;
			children = (
				E6D0CBE5139AB9E9ECF7428C /* Pods-SwiftyRxVIPERTests.debug.xcconfig */,
				F548099BC61CA422DC1C218A /* Pods-SwiftyRxVIPERTests.release.xcconfig */,
				01EB25972828646662BB8D94 /* Pods-SwiftyRxVIPER.debug.xcconfig */,
				31D9511686C563C804955570 /* Pods-SwiftyRxVIPER.release.xcconfig */,
				B0AD1EEA1A261AE3DDE4322A /* Pods-SwiftyRxVIPER-SwiftyRxVIPERTests.debug.xcconfig */,
				E72C781E353C6358B890BF63 /* Pods-SwiftyRxVIPER-SwiftyRxVIPERTests.release.xcconfig */,
				1AED5DC469C832B3FF59B6B9 /* Pods-SwiftyRxVIPER-Staging.debug.xcconfig */,
				87AB0AB09EE92E858987AEFF /* Pods-SwiftyRxVIPER-Staging.release.xcconfig */,
			);
			name = Pods;
			sourceTree = "<group>";
		};
		B62097E521CA54D300985C6A /* Resources */ = {
			isa = PBXGroup;
			children = (
				B67F1BAB21C93C06002A7538 /* Info.plist */,
				B6533FCE21CB7BF900463799 /* Staging-Info.plist */,
				B67F1BA621C93C06002A7538 /* Assets.xcassets */,
				B67F1BA821C93C06002A7538 /* LaunchScreen.storyboard */,
				B63B329821CD603B009B2ADB /* Localizable.strings */,
			);
			path = Resources;
			sourceTree = "<group>";
		};
		B62097E921CA5A8700985C6A /* Networking */ = {
			isa = PBXGroup;
			children = (
				B62097ED21CA5F1600985C6A /* API.swift */,
				B64818BD21CE39E100BA82C4 /* Common */,
				B6533FD121CB866B00463799 /* Mocks */,
				B6533FE621CBAAAE00463799 /* Models */,
				B620980021CA77BF00985C6A /* Services */,
			);
			path = Networking;
			sourceTree = "<group>";
		};
		B620980021CA77BF00985C6A /* Services */ = {
			isa = PBXGroup;
			children = (
				B62097FC21CA6E8F00985C6A /* RepositoryService.swift */,
				B62097FE21CA761D00985C6A /* UserService.swift */,
			);
			path = Services;
			sourceTree = "<group>";
		};
		B63B328E21CD5F80009B2ADB /* Extensions */ = {
			isa = PBXGroup;
			children = (
				B63B328F21CD5FAA009B2ADB /* String+.swift */,
				B63B329921CD7819009B2ADB /* UIView+.swift */,
				B64818B221CE336600BA82C4 /* UIScrollView+.swift */,
			);
			path = Extensions;
			sourceTree = "<group>";
		};
		B64818AD21CE260500BA82C4 /* Common */ = {
			isa = PBXGroup;
			children = (
				B64818AE21CE260500BA82C4 /* View */,
			);
			path = Common;
			sourceTree = "<group>";
		};
		B64818AE21CE260500BA82C4 /* View */ = {
			isa = PBXGroup;
			children = (
				B64818AF21CE261700BA82C4 /* UserAvatarButton.swift */,
			);
			path = View;
			sourceTree = "<group>";
		};
		B64818BD21CE39E100BA82C4 /* Common */ = {
			isa = PBXGroup;
			children = (
				B64818BA21CE399200BA82C4 /* Result.swift */,
				B64818BE21CE3A0100BA82C4 /* ServiceState.swift */,
				B64818C121CE3AB400BA82C4 /* ReachabilityService.swift */,
				B64818C421CE3B2E00BA82C4 /* Reachability.swift */,
			);
			path = Common;
			sourceTree = "<group>";
		};
		B6533FD121CB866B00463799 /* Mocks */ = {
			isa = PBXGroup;
			children = (
				B6533FD221CB873500463799 /* search-repositories-200-res.json */,
				B6533FDA21CB8BD100463799 /* get-repository-200-res.json */,
				B6533FDD21CB903600463799 /* get-user-200-res.json */,
				B6533FE021CB905300463799 /* get-user-repos-200-res.json */,
			);
			path = Mocks;
			sourceTree = "<group>";
		};
		B6533FE621CBAAAE00463799 /* Models */ = {
			isa = PBXGroup;
			children = (
				B6533FE721CBAB4700463799 /* Repository.swift */,
				B64D783221CBCBD4007F11F2 /* RepositoryList.swift */,
				B6533FED21CBAF2600463799 /* User.swift */,
			);
			path = Models;
			sourceTree = "<group>";
		};
		B67F1B9321C93C04002A7538 = {
			isa = PBXGroup;
			children = (
				B6533FE321CB90D000463799 /* R.generated.swift */,
				B67F1B9E21C93C04002A7538 /* SwiftyRxVIPER */,
				B67F1BB321C93C06002A7538 /* SwiftyRxVIPERTests */,
				B67F1B9D21C93C04002A7538 /* Products */,
				418DB917942E97B070400E9D /* Pods */,
				C4B43362C6F5D2B6F2C1556B /* Frameworks */,
			);
			sourceTree = "<group>";
		};
		B67F1B9D21C93C04002A7538 /* Products */ = {
			isa = PBXGroup;
			children = (
				B67F1B9C21C93C04002A7538 /* SwiftyRxVIPER.app */,
				B67F1BB021C93C06002A7538 /* SwiftyRxVIPERTests.xctest */,
				B6844F2421CAC968007472E7 /* SwiftyRxVIPER-Staging.app */,
			);
			name = Products;
			sourceTree = "<group>";
		};
		B67F1B9E21C93C04002A7538 /* SwiftyRxVIPER */ = {
			isa = PBXGroup;
			children = (
				B6844F2621CAD007007472E7 /* Helpers */,
				B6844F0B21CAC8EC007472E7 /* Modules */,
				B62097E921CA5A8700985C6A /* Networking */,
				B62097E521CA54D300985C6A /* Resources */,
				B67F1B9F21C93C04002A7538 /* AppDelegate.swift */,
				B67F1BA121C93C04002A7538 /* ViewController.swift */,
			);
			path = SwiftyRxVIPER;
			sourceTree = "<group>";
		};
		B67F1BB321C93C06002A7538 /* SwiftyRxVIPERTests */ = {
			isa = PBXGroup;
			children = (
				B67F1BB621C93C06002A7538 /* Info.plist */,
				B6533FF021CBB3EB00463799 /* RepositorySpec.swift */,
				B6F3B60521CC25CC000AB968 /* UserSpec.swift */,
			);
			path = SwiftyRxVIPERTests;
			sourceTree = "<group>";
		};
		B6844F0B21CAC8EC007472E7 /* Modules */ = {
			isa = PBXGroup;
			children = (
				B64818AD21CE260500BA82C4 /* Common */,
				B6844F0C21CAC8EC007472E7 /* Repository */,
				B6844F0D21CAC8EC007472E7 /* User */,
			);
			path = Modules;
			sourceTree = "<group>";
		};
		B6844F0C21CAC8EC007472E7 /* Repository */ = {
			isa = PBXGroup;
			children = (
				B6C4D9E021CCC9E600A6BE90 /* Repository.storyboard */,
				B6F3B62621CC345F000AB968 /* RepositoryDetail */,
				B6F3B60821CC3085000AB968 /* RepositoryList */,
			);
			path = Repository;
			sourceTree = "<group>";
		};
		B6844F0D21CAC8EC007472E7 /* User */ = {
			isa = PBXGroup;
			children = (
			);
			path = User;
			sourceTree = "<group>";
		};
		B6844F2621CAD007007472E7 /* Helpers */ = {
			isa = PBXGroup;
			children = (
				B63B328E21CD5F80009B2ADB /* Extensions */,
				B6F3B60F21CC3210000AB968 /* Common */,
				B6844F2721CAD01E007472E7 /* Config */,
			);
			path = Helpers;
			sourceTree = "<group>";
		};
		B6844F2721CAD01E007472E7 /* Config */ = {
			isa = PBXGroup;
			children = (
				B6844F2821CAD02B007472E7 /* AppConfig.swift */,
				B6844F2B21CAD22C007472E7 /* Config-Develop.plist */,
				B6844F3121CAD276007472E7 /* Config-Release.plist */,
				B6844F2E21CAD26E007472E7 /* Config-Staging.plist */,
			);
			path = Config;
			sourceTree = "<group>";
		};
		B6C4D9C821CCC34900A6BE90 /* Protocols */ = {
			isa = PBXGroup;
			children = (
				B6C4D9C921CCC36600A6BE90 /* RepositoryListProtocol.swift */,
			);
			path = Protocols;
			sourceTree = "<group>";
		};
		B6C4D9CC21CCC49700A6BE90 /* View */ = {
			isa = PBXGroup;
			children = (
				B6C4D9CD21CCC4AF00A6BE90 /* RepositorySearchViewController.swift */,
				B6C4D9F321CCF92400A6BE90 /* Cell */,
			);
			path = View;
			sourceTree = "<group>";
		};
		B6C4D9D321CCC58E00A6BE90 /* Interactor */ = {
			isa = PBXGroup;
			children = (
				B6C4D9D421CCC59E00A6BE90 /* RepositoryListInteractor.swift */,
			);
			path = Interactor;
			sourceTree = "<group>";
		};
		B6C4D9D721CCC70800A6BE90 /* Presenter */ = {
			isa = PBXGroup;
			children = (
				B6C4D9D821CCC71400A6BE90 /* RepositoryListPresenter.swift */,
			);
			path = Presenter;
			sourceTree = "<group>";
		};
		B6C4D9DB21CCC79C00A6BE90 /* Router */ = {
			isa = PBXGroup;
			children = (
				B6C4D9DC21CCC7AA00A6BE90 /* RepositoryListRouter.swift */,
			);
			path = Router;
			sourceTree = "<group>";
		};
		B6C4D9F321CCF92400A6BE90 /* Cell */ = {
			isa = PBXGroup;
			children = (
				B6C4D9E321CCCD5100A6BE90 /* RepositorySearchTableViewCell.swift */,
				B6C4D9E421CCCD5100A6BE90 /* RepositorySearchTableViewCell.xib */,
			);
			path = Cell;
			sourceTree = "<group>";
		};
		B6F3B60821CC3085000AB968 /* RepositoryList */ = {
			isa = PBXGroup;
			children = (
				B6C4D9DB21CCC79C00A6BE90 /* Router */,
				B6C4D9D721CCC70800A6BE90 /* Presenter */,
				B6C4D9D321CCC58E00A6BE90 /* Interactor */,
				B6C4D9CC21CCC49700A6BE90 /* View */,
				B6C4D9C821CCC34900A6BE90 /* Protocols */,
			);
			path = RepositoryList;
			sourceTree = "<group>";
		};
		B6F3B60F21CC3210000AB968 /* Common */ = {
			isa = PBXGroup;
			children = (
				B6F3B61021CC322F000AB968 /* TitlableView.swift */,
				B6F3B61321CC329B000AB968 /* Identifiable.swift */,
				B6C4D9EC21CCCEF000A6BE90 /* Settable.swift */,
			);
			path = Common;
			sourceTree = "<group>";
		};
		B6F3B62621CC345F000AB968 /* RepositoryDetail */ = {
			isa = PBXGroup;
			children = (
			);
			path = RepositoryDetail;
			sourceTree = "<group>";
		};
		C4B43362C6F5D2B6F2C1556B /* Frameworks */ = {
			isa = PBXGroup;
			children = (
				D6A7D34E176EE1BC5685DEB8 /* libPods-SwiftyRxVIPER.a */,
				F4E28720EA70C3C9B7F24669 /* libPods-SwiftyRxVIPERTests.a */,
				2500F080B43DB1F82D68B2B3 /* libPods-SwiftyRxVIPER-SwiftyRxVIPERTests.a */,
				42DCD1DAD17AF42BF39E6691 /* libPods-SwiftyRxVIPER-Staging.a */,
			);
			name = Frameworks;
			sourceTree = "<group>";
		};
/* End PBXGroup section */

/* Begin PBXNativeTarget section */
		B67F1B9B21C93C04002A7538 /* SwiftyRxVIPER */ = {
			isa = PBXNativeTarget;
			buildConfigurationList = B67F1BB921C93C06002A7538 /* Build configuration list for PBXNativeTarget "SwiftyRxVIPER" */;
			buildPhases = (
				FCACB13C803DACF106AEDC7D /* [CP] Check Pods Manifest.lock */,
				B6533FD621CB87D300463799 /* ShellScript */,
				B67F1B9821C93C04002A7538 /* Sources */,
				B67F1B9921C93C04002A7538 /* Frameworks */,
				B67F1B9A21C93C04002A7538 /* Resources */,
				B62097E621CA55B400985C6A /* ShellScript */,
			);
			buildRules = (
			);
			dependencies = (
			);
			name = SwiftyRxVIPER;
			productName = SwiftyRxVIPER;
			productReference = B67F1B9C21C93C04002A7538 /* SwiftyRxVIPER.app */;
			productType = "com.apple.product-type.application";
		};
		B67F1BAF21C93C06002A7538 /* SwiftyRxVIPERTests */ = {
			isa = PBXNativeTarget;
			buildConfigurationList = B67F1BBC21C93C06002A7538 /* Build configuration list for PBXNativeTarget "SwiftyRxVIPERTests" */;
			buildPhases = (
				821DDE9AB5727CEE79610DF8 /* [CP] Check Pods Manifest.lock */,
				B67F1BAC21C93C06002A7538 /* Sources */,
				B67F1BAD21C93C06002A7538 /* Frameworks */,
				B67F1BAE21C93C06002A7538 /* Resources */,
			);
			buildRules = (
			);
			dependencies = (
				B67F1BB221C93C06002A7538 /* PBXTargetDependency */,
			);
			name = SwiftyRxVIPERTests;
			productName = SwiftyRxVIPERTests;
			productReference = B67F1BB021C93C06002A7538 /* SwiftyRxVIPERTests.xctest */;
			productType = "com.apple.product-type.bundle.unit-test";
		};
		B6844F0E21CAC968007472E7 /* SwiftyRxVIPER-Staging */ = {
			isa = PBXNativeTarget;
			buildConfigurationList = B6844F2121CAC968007472E7 /* Build configuration list for PBXNativeTarget "SwiftyRxVIPER-Staging" */;
			buildPhases = (
				D9729D5ECB2CAFA7E586AC41 /* [CP] Check Pods Manifest.lock */,
				B6844F1021CAC968007472E7 /* Sources */,
				B6844F1A21CAC968007472E7 /* Frameworks */,
				B6844F1C21CAC968007472E7 /* Resources */,
				B6844F2021CAC968007472E7 /* ShellScript */,
			);
			buildRules = (
			);
			dependencies = (
			);
			name = "SwiftyRxVIPER-Staging";
			productName = SwiftyRxVIPER;
			productReference = B6844F2421CAC968007472E7 /* SwiftyRxVIPER-Staging.app */;
			productType = "com.apple.product-type.application";
		};
/* End PBXNativeTarget section */

/* Begin PBXProject section */
		B67F1B9421C93C04002A7538 /* Project object */ = {
			isa = PBXProject;
			attributes = {
				LastSwiftUpdateCheck = 1010;
				LastUpgradeCheck = 1010;
				ORGANIZATIONNAME = "Yunus Alkan";
				TargetAttributes = {
					B67F1B9B21C93C04002A7538 = {
						CreatedOnToolsVersion = 10.1;
					};
					B67F1BAF21C93C06002A7538 = {
						CreatedOnToolsVersion = 10.1;
						TestTargetID = B67F1B9B21C93C04002A7538;
					};
				};
			};
			buildConfigurationList = B67F1B9721C93C04002A7538 /* Build configuration list for PBXProject "SwiftyRxVIPER" */;
			compatibilityVersion = "Xcode 9.3";
			developmentRegion = en;
			hasScannedForEncodings = 0;
			knownRegions = (
				en,
				Base,
			);
			mainGroup = B67F1B9321C93C04002A7538;
			productRefGroup = B67F1B9D21C93C04002A7538 /* Products */;
			projectDirPath = "";
			projectRoot = "";
			targets = (
				B67F1B9B21C93C04002A7538 /* SwiftyRxVIPER */,
				B6844F0E21CAC968007472E7 /* SwiftyRxVIPER-Staging */,
				B67F1BAF21C93C06002A7538 /* SwiftyRxVIPERTests */,
			);
		};
/* End PBXProject section */

/* Begin PBXResourcesBuildPhase section */
		B67F1B9A21C93C04002A7538 /* Resources */ = {
			isa = PBXResourcesBuildPhase;
			buildActionMask = 2147483647;
			files = (
				B6533FCF21CB7BFA00463799 /* Staging-Info.plist in Resources */,
				B6844F2C21CAD22C007472E7 /* Config-Develop.plist in Resources */,
				B6533FD321CB873500463799 /* search-repositories-200-res.json in Resources */,
				B67F1BAA21C93C06002A7538 /* LaunchScreen.storyboard in Resources */,
				B6C4D9E121CCC9E600A6BE90 /* Repository.storyboard in Resources */,
				B6844F2F21CAD26E007472E7 /* Config-Staging.plist in Resources */,
				B6844F3221CAD276007472E7 /* Config-Release.plist in Resources */,
				B6533FDB21CB8BD100463799 /* get-repository-200-res.json in Resources */,
				B67F1BA721C93C06002A7538 /* Assets.xcassets in Resources */,
				B63B329521CD603B009B2ADB /* Localizable.strings in Resources */,
				B6C4D9E721CCCD5100A6BE90 /* RepositorySearchTableViewCell.xib in Resources */,
				B6533FDE21CB903600463799 /* get-user-200-res.json in Resources */,
				B6533FE121CB905300463799 /* get-user-repos-200-res.json in Resources */,
			);
			runOnlyForDeploymentPostprocessing = 0;
		};
		B67F1BAE21C93C06002A7538 /* Resources */ = {
			isa = PBXResourcesBuildPhase;
			buildActionMask = 2147483647;
			files = (
			);
			runOnlyForDeploymentPostprocessing = 0;
		};
		B6844F1C21CAC968007472E7 /* Resources */ = {
			isa = PBXResourcesBuildPhase;
			buildActionMask = 2147483647;
			files = (
				B6533FD021CB7BFA00463799 /* Staging-Info.plist in Resources */,
				B6844F2D21CAD22C007472E7 /* Config-Develop.plist in Resources */,
				B6533FD421CB873500463799 /* search-repositories-200-res.json in Resources */,
				B6844F1D21CAC968007472E7 /* LaunchScreen.storyboard in Resources */,
				B6C4D9E221CCC9E600A6BE90 /* Repository.storyboard in Resources */,
				B6844F3021CAD26E007472E7 /* Config-Staging.plist in Resources */,
				B6844F3321CAD276007472E7 /* Config-Release.plist in Resources */,
				B6533FDC21CB8BD100463799 /* get-repository-200-res.json in Resources */,
				B6844F1E21CAC968007472E7 /* Assets.xcassets in Resources */,
				B63B329621CD603B009B2ADB /* Localizable.strings in Resources */,
				B6C4D9E821CCCD5100A6BE90 /* RepositorySearchTableViewCell.xib in Resources */,
				B6533FDF21CB903600463799 /* get-user-200-res.json in Resources */,
				B6533FE221CB905300463799 /* get-user-repos-200-res.json in Resources */,
			);
			runOnlyForDeploymentPostprocessing = 0;
		};
/* End PBXResourcesBuildPhase section */

/* Begin PBXShellScriptBuildPhase section */
		821DDE9AB5727CEE79610DF8 /* [CP] Check Pods Manifest.lock */ = {
			isa = PBXShellScriptBuildPhase;
			buildActionMask = 2147483647;
			files = (
			);
			inputFileListPaths = (
			);
			inputPaths = (
				"${PODS_PODFILE_DIR_PATH}/Podfile.lock",
				"${PODS_ROOT}/Manifest.lock",
			);
			name = "[CP] Check Pods Manifest.lock";
			outputFileListPaths = (
			);
			outputPaths = (
				"$(DERIVED_FILE_DIR)/Pods-SwiftyRxVIPER-SwiftyRxVIPERTests-checkManifestLockResult.txt",
			);
			runOnlyForDeploymentPostprocessing = 0;
			shellPath = /bin/sh;
			shellScript = "diff \"${PODS_PODFILE_DIR_PATH}/Podfile.lock\" \"${PODS_ROOT}/Manifest.lock\" > /dev/null\nif [ $? != 0 ] ; then\n    # print error to STDERR\n    echo \"error: The sandbox is not in sync with the Podfile.lock. Run 'pod install' or update your CocoaPods installation.\" >&2\n    exit 1\nfi\n# This output is used by Xcode 'outputs' to avoid re-running this script phase.\necho \"SUCCESS\" > \"${SCRIPT_OUTPUT_FILE_0}\"\n";
			showEnvVarsInLog = 0;
		};
		B62097E621CA55B400985C6A /* ShellScript */ = {
			isa = PBXShellScriptBuildPhase;
			buildActionMask = 2147483647;
			files = (
			);
			inputFileListPaths = (
			);
			inputPaths = (
			);
			outputFileListPaths = (
			);
			outputPaths = (
			);
			runOnlyForDeploymentPostprocessing = 0;
			shellPath = /bin/sh;
			shellScript = "\"${PODS_ROOT}/SwiftLint/swiftlint\"\n";
		};
		B6533FD621CB87D300463799 /* ShellScript */ = {
			isa = PBXShellScriptBuildPhase;
			buildActionMask = 2147483647;
			files = (
			);
			inputFileListPaths = (
			);
			inputPaths = (
				"$TEMP_DIR/rswift-lastrun",
			);
			outputFileListPaths = (
			);
			outputPaths = (
				$SRCROOT/R.generated.swift,
			);
			runOnlyForDeploymentPostprocessing = 0;
			shellPath = /bin/sh;
			shellScript = "\"$PODS_ROOT/R.swift/rswift\" generate \"$SRCROOT/R.generated.swift\"\n";
		};
		B6844F2021CAC968007472E7 /* ShellScript */ = {
			isa = PBXShellScriptBuildPhase;
			buildActionMask = 2147483647;
			files = (
			);
			inputFileListPaths = (
			);
			inputPaths = (
			);
			outputFileListPaths = (
			);
			outputPaths = (
			);
			runOnlyForDeploymentPostprocessing = 0;
			shellPath = /bin/sh;
			shellScript = "\"${PODS_ROOT}/SwiftLint/swiftlint\"\n";
		};
		D9729D5ECB2CAFA7E586AC41 /* [CP] Check Pods Manifest.lock */ = {
			isa = PBXShellScriptBuildPhase;
			buildActionMask = 2147483647;
			files = (
			);
			inputFileListPaths = (
			);
			inputPaths = (
				"${PODS_PODFILE_DIR_PATH}/Podfile.lock",
				"${PODS_ROOT}/Manifest.lock",
			);
			name = "[CP] Check Pods Manifest.lock";
			outputFileListPaths = (
			);
			outputPaths = (
				"$(DERIVED_FILE_DIR)/Pods-SwiftyRxVIPER-Staging-checkManifestLockResult.txt",
			);
			runOnlyForDeploymentPostprocessing = 0;
			shellPath = /bin/sh;
			shellScript = "diff \"${PODS_PODFILE_DIR_PATH}/Podfile.lock\" \"${PODS_ROOT}/Manifest.lock\" > /dev/null\nif [ $? != 0 ] ; then\n    # print error to STDERR\n    echo \"error: The sandbox is not in sync with the Podfile.lock. Run 'pod install' or update your CocoaPods installation.\" >&2\n    exit 1\nfi\n# This output is used by Xcode 'outputs' to avoid re-running this script phase.\necho \"SUCCESS\" > \"${SCRIPT_OUTPUT_FILE_0}\"\n";
			showEnvVarsInLog = 0;
		};
		FCACB13C803DACF106AEDC7D /* [CP] Check Pods Manifest.lock */ = {
			isa = PBXShellScriptBuildPhase;
			buildActionMask = 2147483647;
			files = (
			);
			inputFileListPaths = (
			);
			inputPaths = (
				"${PODS_PODFILE_DIR_PATH}/Podfile.lock",
				"${PODS_ROOT}/Manifest.lock",
			);
			name = "[CP] Check Pods Manifest.lock";
			outputFileListPaths = (
			);
			outputPaths = (
				"$(DERIVED_FILE_DIR)/Pods-SwiftyRxVIPER-checkManifestLockResult.txt",
			);
			runOnlyForDeploymentPostprocessing = 0;
			shellPath = /bin/sh;
			shellScript = "diff \"${PODS_PODFILE_DIR_PATH}/Podfile.lock\" \"${PODS_ROOT}/Manifest.lock\" > /dev/null\nif [ $? != 0 ] ; then\n    # print error to STDERR\n    echo \"error: The sandbox is not in sync with the Podfile.lock. Run 'pod install' or update your CocoaPods installation.\" >&2\n    exit 1\nfi\n# This output is used by Xcode 'outputs' to avoid re-running this script phase.\necho \"SUCCESS\" > \"${SCRIPT_OUTPUT_FILE_0}\"\n";
			showEnvVarsInLog = 0;
		};
/* End PBXShellScriptBuildPhase section */

/* Begin PBXSourcesBuildPhase section */
		B67F1B9821C93C04002A7538 /* Sources */ = {
			isa = PBXSourcesBuildPhase;
			buildActionMask = 2147483647;
			files = (
				B6C4D9D921CCC71400A6BE90 /* RepositoryListPresenter.swift in Sources */,
				B67F1BA221C93C04002A7538 /* ViewController.swift in Sources */,
				B6533FE421CB90D000463799 /* R.generated.swift in Sources */,
				B6C4D9D521CCC59E00A6BE90 /* RepositoryListInteractor.swift in Sources */,
				B6844F2921CAD02B007472E7 /* AppConfig.swift in Sources */,
				B64818C521CE3B2E00BA82C4 /* Reachability.swift in Sources */,
				B6533FE821CBAB4700463799 /* Repository.swift in Sources */,
				B64818BB21CE399200BA82C4 /* Result.swift in Sources */,
				B67F1BA021C93C04002A7538 /* AppDelegate.swift in Sources */,
				B63B329A21CD7819009B2ADB /* UIView+.swift in Sources */,
				B64818B321CE336600BA82C4 /* UIScrollView+.swift in Sources */,
				B64D783321CBCBD4007F11F2 /* RepositoryList.swift in Sources */,
				B6C4D9DD21CCC7AA00A6BE90 /* RepositoryListRouter.swift in Sources */,
				B6F3B61121CC322F000AB968 /* TitlableView.swift in Sources */,
				B6C4D9ED21CCCEF000A6BE90 /* Settable.swift in Sources */,
				B6C4D9E521CCCD5100A6BE90 /* RepositorySearchTableViewCell.swift in Sources */,
				B6533FEE21CBAF2600463799 /* User.swift in Sources */,
				B62097FF21CA761D00985C6A /* UserService.swift in Sources */,
				B64818B021CE261700BA82C4 /* UserAvatarButton.swift in Sources */,
				B6F3B61421CC329B000AB968 /* Identifiable.swift in Sources */,
				B62097FD21CA6E8F00985C6A /* RepositoryService.swift in Sources */,
				B6C4D9CA21CCC36600A6BE90 /* RepositoryListProtocol.swift in Sources */,
				B64818BF21CE3A0100BA82C4 /* ServiceState.swift in Sources */,
				B64818C221CE3AB400BA82C4 /* ReachabilityService.swift in Sources */,
				B6C4D9CF21CCC4AF00A6BE90 /* RepositorySearchViewController.swift in Sources */,
				B63B329021CD5FAA009B2ADB /* String+.swift in Sources */,
				B62097EE21CA5F1600985C6A /* API.swift in Sources */,
			);
			runOnlyForDeploymentPostprocessing = 0;
		};
		B67F1BAC21C93C06002A7538 /* Sources */ = {
			isa = PBXSourcesBuildPhase;
			buildActionMask = 2147483647;
			files = (
				B6533FF121CBB3EB00463799 /* RepositorySpec.swift in Sources */,
				B6F3B60621CC25CC000AB968 /* UserSpec.swift in Sources */,
			);
			runOnlyForDeploymentPostprocessing = 0;
		};
		B6844F1021CAC968007472E7 /* Sources */ = {
			isa = PBXSourcesBuildPhase;
			buildActionMask = 2147483647;
			files = (
				B6C4D9DA21CCC71400A6BE90 /* RepositoryListPresenter.swift in Sources */,
				B6844F1121CAC968007472E7 /* ViewController.swift in Sources */,
				B6533FE521CB90D000463799 /* R.generated.swift in Sources */,
				B6C4D9D621CCC59E00A6BE90 /* RepositoryListInteractor.swift in Sources */,
				B6844F2A21CAD02B007472E7 /* AppConfig.swift in Sources */,
				B64818C621CE3B2E00BA82C4 /* Reachability.swift in Sources */,
				B6533FE921CBAB4700463799 /* Repository.swift in Sources */,
				B64818BC21CE399200BA82C4 /* Result.swift in Sources */,
				B6844F1421CAC968007472E7 /* AppDelegate.swift in Sources */,
				B63B329B21CD7819009B2ADB /* UIView+.swift in Sources */,
				B64818B421CE336600BA82C4 /* UIScrollView+.swift in Sources */,
				B64D783421CBCBD4007F11F2 /* RepositoryList.swift in Sources */,
				B6C4D9DE21CCC7AA00A6BE90 /* RepositoryListRouter.swift in Sources */,
				B6F3B61221CC322F000AB968 /* TitlableView.swift in Sources */,
				B6C4D9EE21CCCEF000A6BE90 /* Settable.swift in Sources */,
				B6C4D9E621CCCD5100A6BE90 /* RepositorySearchTableViewCell.swift in Sources */,
				B6533FEF21CBAF2600463799 /* User.swift in Sources */,
				B6844F1621CAC968007472E7 /* UserService.swift in Sources */,
				B64818B121CE261700BA82C4 /* UserAvatarButton.swift in Sources */,
				B6F3B61521CC329B000AB968 /* Identifiable.swift in Sources */,
				B6844F1721CAC968007472E7 /* RepositoryService.swift in Sources */,
				B6C4D9CB21CCC36600A6BE90 /* RepositoryListProtocol.swift in Sources */,
				B64818C021CE3A0100BA82C4 /* ServiceState.swift in Sources */,
				B64818C321CE3AB400BA82C4 /* ReachabilityService.swift in Sources */,
				B6C4D9D021CCC4AF00A6BE90 /* RepositorySearchViewController.swift in Sources */,
				B63B329121CD5FAA009B2ADB /* String+.swift in Sources */,
				B6844F1921CAC968007472E7 /* API.swift in Sources */,
			);
			runOnlyForDeploymentPostprocessing = 0;
		};
/* End PBXSourcesBuildPhase section */

/* Begin PBXTargetDependency section */
		B67F1BB221C93C06002A7538 /* PBXTargetDependency */ = {
			isa = PBXTargetDependency;
			target = B67F1B9B21C93C04002A7538 /* SwiftyRxVIPER */;
			targetProxy = B67F1BB121C93C06002A7538 /* PBXContainerItemProxy */;
		};
/* End PBXTargetDependency section */

/* Begin PBXVariantGroup section */
		B63B329821CD603B009B2ADB /* Localizable.strings */ = {
			isa = PBXVariantGroup;
			children = (
				B63B329721CD603B009B2ADB /* en */,
			);
			name = Localizable.strings;
			sourceTree = "<group>";
		};
		B67F1BA821C93C06002A7538 /* LaunchScreen.storyboard */ = {
			isa = PBXVariantGroup;
			children = (
				B67F1BA921C93C06002A7538 /* Base */,
			);
			name = LaunchScreen.storyboard;
			sourceTree = "<group>";
		};
/* End PBXVariantGroup section */

/* Begin XCBuildConfiguration section */
		B67F1BB721C93C06002A7538 /* Debug */ = {
			isa = XCBuildConfiguration;
			buildSettings = {
				ALWAYS_SEARCH_USER_PATHS = NO;
				CLANG_ANALYZER_NONNULL = YES;
				CLANG_ANALYZER_NUMBER_OBJECT_CONVERSION = YES_AGGRESSIVE;
				CLANG_CXX_LANGUAGE_STANDARD = "gnu++14";
				CLANG_CXX_LIBRARY = "libc++";
				CLANG_ENABLE_MODULES = YES;
				CLANG_ENABLE_OBJC_ARC = YES;
				CLANG_ENABLE_OBJC_WEAK = YES;
				CLANG_WARN_BLOCK_CAPTURE_AUTORELEASING = YES;
				CLANG_WARN_BOOL_CONVERSION = YES;
				CLANG_WARN_COMMA = YES;
				CLANG_WARN_CONSTANT_CONVERSION = YES;
				CLANG_WARN_DEPRECATED_OBJC_IMPLEMENTATIONS = YES;
				CLANG_WARN_DIRECT_OBJC_ISA_USAGE = YES_ERROR;
				CLANG_WARN_DOCUMENTATION_COMMENTS = YES;
				CLANG_WARN_EMPTY_BODY = YES;
				CLANG_WARN_ENUM_CONVERSION = YES;
				CLANG_WARN_INFINITE_RECURSION = YES;
				CLANG_WARN_INT_CONVERSION = YES;
				CLANG_WARN_NON_LITERAL_NULL_CONVERSION = YES;
				CLANG_WARN_OBJC_IMPLICIT_RETAIN_SELF = YES;
				CLANG_WARN_OBJC_LITERAL_CONVERSION = YES;
				CLANG_WARN_OBJC_ROOT_CLASS = YES_ERROR;
				CLANG_WARN_RANGE_LOOP_ANALYSIS = YES;
				CLANG_WARN_STRICT_PROTOTYPES = YES;
				CLANG_WARN_SUSPICIOUS_MOVE = YES;
				CLANG_WARN_UNGUARDED_AVAILABILITY = YES_AGGRESSIVE;
				CLANG_WARN_UNREACHABLE_CODE = YES;
				CLANG_WARN__DUPLICATE_METHOD_MATCH = YES;
				CODE_SIGN_IDENTITY = "iPhone Developer";
				COPY_PHASE_STRIP = NO;
				DEBUG_INFORMATION_FORMAT = dwarf;
				ENABLE_STRICT_OBJC_MSGSEND = YES;
				ENABLE_TESTABILITY = YES;
				GCC_C_LANGUAGE_STANDARD = gnu11;
				GCC_DYNAMIC_NO_PIC = NO;
				GCC_NO_COMMON_BLOCKS = YES;
				GCC_OPTIMIZATION_LEVEL = 0;
				GCC_PREPROCESSOR_DEFINITIONS = (
					"DEBUG=1",
					"$(inherited)",
				);
				GCC_WARN_64_TO_32_BIT_CONVERSION = YES;
				GCC_WARN_ABOUT_RETURN_TYPE = YES_ERROR;
				GCC_WARN_UNDECLARED_SELECTOR = YES;
				GCC_WARN_UNINITIALIZED_AUTOS = YES_AGGRESSIVE;
				GCC_WARN_UNUSED_FUNCTION = YES;
				GCC_WARN_UNUSED_VARIABLE = YES;
				IPHONEOS_DEPLOYMENT_TARGET = 12.1;
				MTL_ENABLE_DEBUG_INFO = INCLUDE_SOURCE;
				MTL_FAST_MATH = YES;
				ONLY_ACTIVE_ARCH = YES;
				SDKROOT = iphoneos;
				SWIFT_ACTIVE_COMPILATION_CONDITIONS = DEBUG;
				SWIFT_OPTIMIZATION_LEVEL = "-Onone";
			};
			name = Debug;
		};
		B67F1BB821C93C06002A7538 /* Release */ = {
			isa = XCBuildConfiguration;
			buildSettings = {
				ALWAYS_SEARCH_USER_PATHS = NO;
				CLANG_ANALYZER_NONNULL = YES;
				CLANG_ANALYZER_NUMBER_OBJECT_CONVERSION = YES_AGGRESSIVE;
				CLANG_CXX_LANGUAGE_STANDARD = "gnu++14";
				CLANG_CXX_LIBRARY = "libc++";
				CLANG_ENABLE_MODULES = YES;
				CLANG_ENABLE_OBJC_ARC = YES;
				CLANG_ENABLE_OBJC_WEAK = YES;
				CLANG_WARN_BLOCK_CAPTURE_AUTORELEASING = YES;
				CLANG_WARN_BOOL_CONVERSION = YES;
				CLANG_WARN_COMMA = YES;
				CLANG_WARN_CONSTANT_CONVERSION = YES;
				CLANG_WARN_DEPRECATED_OBJC_IMPLEMENTATIONS = YES;
				CLANG_WARN_DIRECT_OBJC_ISA_USAGE = YES_ERROR;
				CLANG_WARN_DOCUMENTATION_COMMENTS = YES;
				CLANG_WARN_EMPTY_BODY = YES;
				CLANG_WARN_ENUM_CONVERSION = YES;
				CLANG_WARN_INFINITE_RECURSION = YES;
				CLANG_WARN_INT_CONVERSION = YES;
				CLANG_WARN_NON_LITERAL_NULL_CONVERSION = YES;
				CLANG_WARN_OBJC_IMPLICIT_RETAIN_SELF = YES;
				CLANG_WARN_OBJC_LITERAL_CONVERSION = YES;
				CLANG_WARN_OBJC_ROOT_CLASS = YES_ERROR;
				CLANG_WARN_RANGE_LOOP_ANALYSIS = YES;
				CLANG_WARN_STRICT_PROTOTYPES = YES;
				CLANG_WARN_SUSPICIOUS_MOVE = YES;
				CLANG_WARN_UNGUARDED_AVAILABILITY = YES_AGGRESSIVE;
				CLANG_WARN_UNREACHABLE_CODE = YES;
				CLANG_WARN__DUPLICATE_METHOD_MATCH = YES;
				CODE_SIGN_IDENTITY = "iPhone Developer";
				COPY_PHASE_STRIP = NO;
				DEBUG_INFORMATION_FORMAT = "dwarf-with-dsym";
				ENABLE_NS_ASSERTIONS = NO;
				ENABLE_STRICT_OBJC_MSGSEND = YES;
				GCC_C_LANGUAGE_STANDARD = gnu11;
				GCC_NO_COMMON_BLOCKS = YES;
				GCC_WARN_64_TO_32_BIT_CONVERSION = YES;
				GCC_WARN_ABOUT_RETURN_TYPE = YES_ERROR;
				GCC_WARN_UNDECLARED_SELECTOR = YES;
				GCC_WARN_UNINITIALIZED_AUTOS = YES_AGGRESSIVE;
				GCC_WARN_UNUSED_FUNCTION = YES;
				GCC_WARN_UNUSED_VARIABLE = YES;
				IPHONEOS_DEPLOYMENT_TARGET = 12.1;
				MTL_ENABLE_DEBUG_INFO = NO;
				MTL_FAST_MATH = YES;
				SDKROOT = iphoneos;
				SWIFT_COMPILATION_MODE = wholemodule;
				SWIFT_OPTIMIZATION_LEVEL = "-O";
				VALIDATE_PRODUCT = YES;
			};
			name = Release;
		};
		B67F1BBA21C93C06002A7538 /* Debug */ = {
			isa = XCBuildConfiguration;
			baseConfigurationReference = 01EB25972828646662BB8D94 /* Pods-SwiftyRxVIPER.debug.xcconfig */;
			buildSettings = {
				ALWAYS_EMBED_SWIFT_STANDARD_LIBRARIES = NO;
				ASSETCATALOG_COMPILER_APPICON_NAME = AppIcon;
				CODE_SIGN_STYLE = Manual;
				DEVELOPMENT_TEAM = "";
				INFOPLIST_FILE = "$(SRCROOT)/SwiftyRxVIPER/Resources/Info.plist";
				LD_RUNPATH_SEARCH_PATHS = (
					"$(inherited)",
					"@executable_path/Frameworks",
				);
				OTHER_SWIFT_FLAGS = "$(inherited) \"-D\" \"COCOAPODS\" -DRELEASE";
				PRODUCT_BUNDLE_IDENTIFIER = com.yunusalkan.SwiftyRxVIPER;
				PRODUCT_NAME = "$(TARGET_NAME)";
				PROVISIONING_PROFILE_SPECIFIER = "";
				SWIFT_VERSION = 4.2;
				TARGETED_DEVICE_FAMILY = "1,2";
			};
			name = Debug;
		};
		B67F1BBB21C93C06002A7538 /* Release */ = {
			isa = XCBuildConfiguration;
			baseConfigurationReference = 31D9511686C563C804955570 /* Pods-SwiftyRxVIPER.release.xcconfig */;
			buildSettings = {
				ALWAYS_EMBED_SWIFT_STANDARD_LIBRARIES = NO;
				ASSETCATALOG_COMPILER_APPICON_NAME = AppIcon;
				CODE_SIGN_STYLE = Manual;
				DEVELOPMENT_TEAM = "";
				INFOPLIST_FILE = "$(SRCROOT)/SwiftyRxVIPER/Resources/Info.plist";
				LD_RUNPATH_SEARCH_PATHS = (
					"$(inherited)",
					"@executable_path/Frameworks",
				);
				OTHER_SWIFT_FLAGS = "$(inherited) \"-D\" \"COCOAPODS\" -DRELEASE";
				PRODUCT_BUNDLE_IDENTIFIER = com.yunusalkan.SwiftyRxVIPER;
				PRODUCT_NAME = "$(TARGET_NAME)";
				PROVISIONING_PROFILE_SPECIFIER = "";
				SWIFT_VERSION = 4.2;
				TARGETED_DEVICE_FAMILY = "1,2";
			};
			name = Release;
		};
		B67F1BBD21C93C06002A7538 /* Debug */ = {
			isa = XCBuildConfiguration;
			baseConfigurationReference = B0AD1EEA1A261AE3DDE4322A /* Pods-SwiftyRxVIPER-SwiftyRxVIPERTests.debug.xcconfig */;
			buildSettings = {
				ALWAYS_EMBED_SWIFT_STANDARD_LIBRARIES = YES;
				BUNDLE_LOADER = "$(TEST_HOST)";
				CODE_SIGN_STYLE = Automatic;
				DEVELOPMENT_TEAM = P2Q2PR47VJ;
				INFOPLIST_FILE = SwiftyRxVIPERTests/Info.plist;
				LD_RUNPATH_SEARCH_PATHS = (
					"$(inherited)",
					"@executable_path/Frameworks",
					"@loader_path/Frameworks",
				);
				PRODUCT_BUNDLE_IDENTIFIER = com.yunusalkan.SwiftyRxVIPERTests;
				PRODUCT_NAME = "$(TARGET_NAME)";
				SWIFT_VERSION = 4.2;
				TARGETED_DEVICE_FAMILY = "1,2";
				TEST_HOST = "$(BUILT_PRODUCTS_DIR)/SwiftyRxVIPER.app/SwiftyRxVIPER";
			};
			name = Debug;
		};
		B67F1BBE21C93C06002A7538 /* Release */ = {
			isa = XCBuildConfiguration;
			baseConfigurationReference = E72C781E353C6358B890BF63 /* Pods-SwiftyRxVIPER-SwiftyRxVIPERTests.release.xcconfig */;
			buildSettings = {
				ALWAYS_EMBED_SWIFT_STANDARD_LIBRARIES = YES;
				BUNDLE_LOADER = "$(TEST_HOST)";
				CODE_SIGN_STYLE = Automatic;
				DEVELOPMENT_TEAM = P2Q2PR47VJ;
				INFOPLIST_FILE = SwiftyRxVIPERTests/Info.plist;
				LD_RUNPATH_SEARCH_PATHS = (
					"$(inherited)",
					"@executable_path/Frameworks",
					"@loader_path/Frameworks",
				);
				PRODUCT_BUNDLE_IDENTIFIER = com.yunusalkan.SwiftyRxVIPERTests;
				PRODUCT_NAME = "$(TARGET_NAME)";
				SWIFT_VERSION = 4.2;
				TARGETED_DEVICE_FAMILY = "1,2";
				TEST_HOST = "$(BUILT_PRODUCTS_DIR)/SwiftyRxVIPER.app/SwiftyRxVIPER";
			};
			name = Release;
		};
		B6844F2221CAC968007472E7 /* Debug */ = {
			isa = XCBuildConfiguration;
			baseConfigurationReference = 1AED5DC469C832B3FF59B6B9 /* Pods-SwiftyRxVIPER-Staging.debug.xcconfig */;
			buildSettings = {
				ASSETCATALOG_COMPILER_APPICON_NAME = AppIcon;
				CODE_SIGN_STYLE = Manual;
				DEVELOPMENT_TEAM = "";
				INFOPLIST_FILE = "$(SRCROOT)/Staging-Info.plist";
				LD_RUNPATH_SEARCH_PATHS = (
					"$(inherited)",
					"@executable_path/Frameworks",
				);
				OTHER_SWIFT_FLAGS = "$(inherited) \"-D\" \"COCOAPODS\" -DSTAGING";
				PRODUCT_BUNDLE_IDENTIFIER = com.yunusalkan.SwiftyRxVIPERStaging;
				PRODUCT_NAME = "$(TARGET_NAME)";
				PROVISIONING_PROFILE_SPECIFIER = "";
				SWIFT_VERSION = 4.2;
				TARGETED_DEVICE_FAMILY = "1,2";
			};
			name = Debug;
		};
		B6844F2321CAC968007472E7 /* Release */ = {
			isa = XCBuildConfiguration;
			baseConfigurationReference = 87AB0AB09EE92E858987AEFF /* Pods-SwiftyRxVIPER-Staging.release.xcconfig */;
			buildSettings = {
				ASSETCATALOG_COMPILER_APPICON_NAME = AppIcon;
				CODE_SIGN_STYLE = Manual;
				DEVELOPMENT_TEAM = "";
				INFOPLIST_FILE = "$(SRCROOT)/Staging-Info.plist";
				LD_RUNPATH_SEARCH_PATHS = (
					"$(inherited)",
					"@executable_path/Frameworks",
				);
				OTHER_SWIFT_FLAGS = "$(inherited) \"-D\" \"COCOAPODS\" -DSTAGING";
				PRODUCT_BUNDLE_IDENTIFIER = com.yunusalkan.SwiftyRxVIPERStaging;
				PRODUCT_NAME = "$(TARGET_NAME)";
				PROVISIONING_PROFILE_SPECIFIER = "";
				SWIFT_VERSION = 4.2;
				TARGETED_DEVICE_FAMILY = "1,2";
			};
			name = Release;
		};
/* End XCBuildConfiguration section */

/* Begin XCConfigurationList section */
		B67F1B9721C93C04002A7538 /* Build configuration list for PBXProject "SwiftyRxVIPER" */ = {
			isa = XCConfigurationList;
			buildConfigurations = (
				B67F1BB721C93C06002A7538 /* Debug */,
				B67F1BB821C93C06002A7538 /* Release */,
			);
			defaultConfigurationIsVisible = 0;
			defaultConfigurationName = Release;
		};
		B67F1BB921C93C06002A7538 /* Build configuration list for PBXNativeTarget "SwiftyRxVIPER" */ = {
			isa = XCConfigurationList;
			buildConfigurations = (
				B67F1BBA21C93C06002A7538 /* Debug */,
				B67F1BBB21C93C06002A7538 /* Release */,
			);
			defaultConfigurationIsVisible = 0;
			defaultConfigurationName = Release;
		};
		B67F1BBC21C93C06002A7538 /* Build configuration list for PBXNativeTarget "SwiftyRxVIPERTests" */ = {
			isa = XCConfigurationList;
			buildConfigurations = (
				B67F1BBD21C93C06002A7538 /* Debug */,
				B67F1BBE21C93C06002A7538 /* Release */,
			);
			defaultConfigurationIsVisible = 0;
			defaultConfigurationName = Release;
		};
		B6844F2121CAC968007472E7 /* Build configuration list for PBXNativeTarget "SwiftyRxVIPER-Staging" */ = {
			isa = XCConfigurationList;
			buildConfigurations = (
				B6844F2221CAC968007472E7 /* Debug */,
				B6844F2321CAC968007472E7 /* Release */,
			);
			defaultConfigurationIsVisible = 0;
			defaultConfigurationName = Release;
		};
/* End XCConfigurationList section */
	};
	rootObject = B67F1B9421C93C04002A7538 /* Project object */;
}
